// !$*UTF8*$!
{
	archiveVersion = 1;
	classes = {
	};
	objectVersion = 56;
	objects = {

/* Begin PBXBuildFile section */
		C21937D92B5D6F0600FEA07B /* DeepLinkTCAApp.swift in Sources */ = {isa = PBXBuildFile; fileRef = C21937D82B5D6F0600FEA07B /* DeepLinkTCAApp.swift */; };
		C21937DB2B5D6F0600FEA07B /* ContentView.swift in Sources */ = {isa = PBXBuildFile; fileRef = C21937DA2B5D6F0600FEA07B /* ContentView.swift */; };
		C21937DD2B5D6F0700FEA07B /* Assets.xcassets in Resources */ = {isa = PBXBuildFile; fileRef = C21937DC2B5D6F0700FEA07B /* Assets.xcassets */; };
		C21937E02B5D6F0700FEA07B /* Preview Assets.xcassets in Resources */ = {isa = PBXBuildFile; fileRef = C21937DF2B5D6F0700FEA07B /* Preview Assets.xcassets */; };
		C25575532B5D72150033F438 /* Launch Screen.storyboard in Resources */ = {isa = PBXBuildFile; fileRef = C25575522B5D72150033F438 /* Launch Screen.storyboard */; };
		C25575562B5D76660033F438 /* Packages in Frameworks */ = {isa = PBXBuildFile; productRef = C25575552B5D76660033F438 /* Packages */; };
		C25575592B5DA2210033F438 /* ComposableArchitecture in Frameworks */ = {isa = PBXBuildFile; productRef = C25575582B5DA2210033F438 /* ComposableArchitecture */; };
		C2B71E852B6FBA27000AEB84 /* MainDeepLinkReducer.swift in Sources */ = {isa = PBXBuildFile; fileRef = C2B71E842B6FBA27000AEB84 /* MainDeepLinkReducer.swift */; };
/* End PBXBuildFile section */

/* Begin PBXFileReference section */
		C21937D52B5D6F0600FEA07B /* DeepLinkTCA.app */ = {isa = PBXFileReference; explicitFileType = wrapper.application; includeInIndex = 0; path = DeepLinkTCA.app; sourceTree = BUILT_PRODUCTS_DIR; };
		C21937D82B5D6F0600FEA07B /* DeepLinkTCAApp.swift */ = {isa = PBXFileReference; lastKnownFileType = sourcecode.swift; path = DeepLinkTCAApp.swift; sourceTree = "<group>"; };
		C21937DA2B5D6F0600FEA07B /* ContentView.swift */ = {isa = PBXFileReference; lastKnownFileType = sourcecode.swift; path = ContentView.swift; sourceTree = "<group>"; };
		C21937DC2B5D6F0700FEA07B /* Assets.xcassets */ = {isa = PBXFileReference; lastKnownFileType = folder.assetcatalog; path = Assets.xcassets; sourceTree = "<group>"; };
		C21937DF2B5D6F0700FEA07B /* Preview Assets.xcassets */ = {isa = PBXFileReference; lastKnownFileType = folder.assetcatalog; path = "Preview Assets.xcassets"; sourceTree = "<group>"; };
		C21937E12B5D6F0700FEA07B /* DeepLinkTCA.entitlements */ = {isa = PBXFileReference; lastKnownFileType = text.plist.entitlements; path = DeepLinkTCA.entitlements; sourceTree = "<group>"; };
		C21937E72B5D713000FEA07B /* Packages */ = {isa = PBXFileReference; lastKnownFileType = wrapper; path = Packages; sourceTree = "<group>"; };
		C25575522B5D72150033F438 /* Launch Screen.storyboard */ = {isa = PBXFileReference; lastKnownFileType = file.storyboard; path = "Launch Screen.storyboard"; sourceTree = "<group>"; };
		C2B71E842B6FBA27000AEB84 /* MainDeepLinkReducer.swift */ = {isa = PBXFileReference; lastKnownFileType = sourcecode.swift; path = MainDeepLinkReducer.swift; sourceTree = "<group>"; };
		C2B71E862B700E9D000AEB84 /* Info.plist */ = {isa = PBXFileReference; lastKnownFileType = text.plist; path = Info.plist; sourceTree = "<group>"; };
/* End PBXFileReference section */

/* Begin PBXFrameworksBuildPhase section */
		C21937D22B5D6F0600FEA07B /* Frameworks */ = {
			isa = PBXFrameworksBuildPhase;
			buildActionMask = 2147483647;
			files = (
				C25575592B5DA2210033F438 /* ComposableArchitecture in Frameworks */,
				C25575562B5D76660033F438 /* Packages in Frameworks */,
			);
			runOnlyForDeploymentPostprocessing = 0;
		};
/* End PBXFrameworksBuildPhase section */

/* Begin PBXGroup section */
		C21937CC2B5D6F0600FEA07B = {
			isa = PBXGroup;
			children = (
				C21937E72B5D713000FEA07B /* Packages */,
				C21937D72B5D6F0600FEA07B /* DeepLinkTCA */,
				C21937D62B5D6F0600FEA07B /* Products */,
				C25575542B5D76660033F438 /* Frameworks */,
			);
			sourceTree = "<group>";
		};
		C21937D62B5D6F0600FEA07B /* Products */ = {
			isa = PBXGroup;
			children = (
				C21937D52B5D6F0600FEA07B /* DeepLinkTCA.app */,
			);
			name = Products;
			sourceTree = "<group>";
		};
		C21937D72B5D6F0600FEA07B /* DeepLinkTCA */ = {
			isa = PBXGroup;
			children = (
				C2B71E862B700E9D000AEB84 /* Info.plist */,
				C21937D82B5D6F0600FEA07B /* DeepLinkTCAApp.swift */,
				C21937DA2B5D6F0600FEA07B /* ContentView.swift */,
				C21937DC2B5D6F0700FEA07B /* Assets.xcassets */,
				C21937E12B5D6F0700FEA07B /* DeepLinkTCA.entitlements */,
				C21937DE2B5D6F0700FEA07B /* Preview Content */,
				C25575522B5D72150033F438 /* Launch Screen.storyboard */,
				C2B71E842B6FBA27000AEB84 /* MainDeepLinkReducer.swift */,
			);
			path = DeepLinkTCA;
			sourceTree = "<group>";
		};
		C21937DE2B5D6F0700FEA07B /* Preview Content */ = {
			isa = PBXGroup;
			children = (
				C21937DF2B5D6F0700FEA07B /* Preview Assets.xcassets */,
			);
			path = "Preview Content";
			sourceTree = "<group>";
		};
		C25575542B5D76660033F438 /* Frameworks */ = {
			isa = PBXGroup;
			children = (
			);
			name = Frameworks;
			sourceTree = "<group>";
		};
/* End PBXGroup section */

/* Begin PBXNativeTarget section */
		C21937D42B5D6F0600FEA07B /* DeepLinkTCA */ = {
			isa = PBXNativeTarget;
			buildConfigurationList = C21937E42B5D6F0700FEA07B /* Build configuration list for PBXNativeTarget "DeepLinkTCA" */;
			buildPhases = (
				C21937D12B5D6F0600FEA07B /* Sources */,
				C21937D22B5D6F0600FEA07B /* Frameworks */,
				C21937D32B5D6F0600FEA07B /* Resources */,
			);
			buildRules = (
			);
			dependencies = (
			);
			name = DeepLinkTCA;
			packageProductDependencies = (
				C25575552B5D76660033F438 /* Packages */,
				C25575582B5DA2210033F438 /* ComposableArchitecture */,
			);
			productName = DeepLinkTCA;
			productReference = C21937D52B5D6F0600FEA07B /* DeepLinkTCA.app */;
			productType = "com.apple.product-type.application";
		};
/* End PBXNativeTarget section */

/* Begin PBXProject section */
		C21937CD2B5D6F0600FEA07B /* Project object */ = {
			isa = PBXProject;
			attributes = {
				BuildIndependentTargetsInParallel = 1;
				LastSwiftUpdateCheck = 1520;
				LastUpgradeCheck = 1520;
				TargetAttributes = {
					C21937D42B5D6F0600FEA07B = {
						CreatedOnToolsVersion = 15.2;
					};
				};
			};
			buildConfigurationList = C21937D02B5D6F0600FEA07B /* Build configuration list for PBXProject "DeepLinkTCA" */;
			compatibilityVersion = "Xcode 14.0";
			developmentRegion = en;
			hasScannedForEncodings = 0;
			knownRegions = (
				en,
				Base,
			);
			mainGroup = C21937CC2B5D6F0600FEA07B;
			packageReferences = (
				C25575572B5DA2210033F438 /* XCRemoteSwiftPackageReference "swift-composable-architecture" */,
			);
			productRefGroup = C21937D62B5D6F0600FEA07B /* Products */;
			projectDirPath = "";
			projectRoot = "";
			targets = (
				C21937D42B5D6F0600FEA07B /* DeepLinkTCA */,
			);
		};
/* End PBXProject section */

/* Begin PBXResourcesBuildPhase section */
		C21937D32B5D6F0600FEA07B /* Resources */ = {
			isa = PBXResourcesBuildPhase;
			buildActionMask = 2147483647;
			files = (
				C25575532B5D72150033F438 /* Launch Screen.storyboard in Resources */,
				C21937E02B5D6F0700FEA07B /* Preview Assets.xcassets in Resources */,
				C21937DD2B5D6F0700FEA07B /* Assets.xcassets in Resources */,
			);
			runOnlyForDeploymentPostprocessing = 0;
		};
/* End PBXResourcesBuildPhase section */

/* Begin PBXSourcesBuildPhase section */
		C21937D12B5D6F0600FEA07B /* Sources */ = {
			isa = PBXSourcesBuildPhase;
			buildActionMask = 2147483647;
			files = (
				C2B71E852B6FBA27000AEB84 /* MainDeepLinkReducer.swift in Sources */,
				C21937DB2B5D6F0600FEA07B /* ContentView.swift in Sources */,
				C21937D92B5D6F0600FEA07B /* DeepLinkTCAApp.swift in Sources */,
			);
			runOnlyForDeploymentPostprocessing = 0;
		};
/* End PBXSourcesBuildPhase section */

/* Begin XCBuildConfiguration section */
		C21937E22B5D6F0700FEA07B /* Debug */ = {
			isa = XCBuildConfiguration;
			buildSettings = {
				ALWAYS_SEARCH_USER_PATHS = NO;
				ASSETCATALOG_COMPILER_GENERATE_SWIFT_ASSET_SYMBOL_EXTENSIONS = YES;
				CLANG_ANALYZER_NONNULL = YES;
				CLANG_ANALYZER_NUMBER_OBJECT_CONVERSION = YES_AGGRESSIVE;
				CLANG_CXX_LANGUAGE_STANDARD = "gnu++20";
				CLANG_ENABLE_MODULES = YES;
				CLANG_ENABLE_OBJC_ARC = YES;
				CLANG_ENABLE_OBJC_WEAK = YES;
				CLANG_WARN_BLOCK_CAPTURE_AUTORELEASING = YES;
				CLANG_WARN_BOOL_CONVERSION = YES;
				CLANG_WARN_COMMA = YES;
				CLANG_WARN_CONSTANT_CONVERSION = YES;
				CLANG_WARN_DEPRECATED_OBJC_IMPLEMENTATIONS = YES;
				CLANG_WARN_DIRECT_OBJC_ISA_USAGE = YES_ERROR;
				CLANG_WARN_DOCUMENTATION_COMMENTS = YES;
				CLANG_WARN_EMPTY_BODY = YES;
				CLANG_WARN_ENUM_CONVERSION = YES;
				CLANG_WARN_INFINITE_RECURSION = YES;
				CLANG_WARN_INT_CONVERSION = YES;
				CLANG_WARN_NON_LITERAL_NULL_CONVERSION = YES;
				CLANG_WARN_OBJC_IMPLICIT_RETAIN_SELF = YES;
				CLANG_WARN_OBJC_LITERAL_CONVERSION = YES;
				CLANG_WARN_OBJC_ROOT_CLASS = YES_ERROR;
				CLANG_WARN_QUOTED_INCLUDE_IN_FRAMEWORK_HEADER = YES;
				CLANG_WARN_RANGE_LOOP_ANALYSIS = YES;
				CLANG_WARN_STRICT_PROTOTYPES = YES;
				CLANG_WARN_SUSPICIOUS_MOVE = YES;
				CLANG_WARN_UNGUARDED_AVAILABILITY = YES_AGGRESSIVE;
				CLANG_WARN_UNREACHABLE_CODE = YES;
				CLANG_WARN__DUPLICATE_METHOD_MATCH = YES;
				COPY_PHASE_STRIP = NO;
				DEBUG_INFORMATION_FORMAT = dwarf;
				ENABLE_STRICT_OBJC_MSGSEND = YES;
				ENABLE_TESTABILITY = YES;
				ENABLE_USER_SCRIPT_SANDBOXING = YES;
				GCC_C_LANGUAGE_STANDARD = gnu17;
				GCC_DYNAMIC_NO_PIC = NO;
				GCC_NO_COMMON_BLOCKS = YES;
				GCC_OPTIMIZATION_LEVEL = 0;
				GCC_PREPROCESSOR_DEFINITIONS = (
					"DEBUG=1",
					"$(inherited)",
				);
				GCC_WARN_64_TO_32_BIT_CONVERSION = YES;
				GCC_WARN_ABOUT_RETURN_TYPE = YES_ERROR;
				GCC_WARN_UNDECLARED_SELECTOR = YES;
				GCC_WARN_UNINITIALIZED_AUTOS = YES_AGGRESSIVE;
				GCC_WARN_UNUSED_FUNCTION = YES;
				GCC_WARN_UNUSED_VARIABLE = YES;
				LOCALIZATION_PREFERS_STRING_CATALOGS = YES;
				MACOSX_DEPLOYMENT_TARGET = 14.2;
				MTL_ENABLE_DEBUG_INFO = INCLUDE_SOURCE;
				MTL_FAST_MATH = YES;
				ONLY_ACTIVE_ARCH = YES;
				SDKROOT = macosx;
				SWIFT_ACTIVE_COMPILATION_CONDITIONS = "DEBUG $(inherited)";
				SWIFT_OPTIMIZATION_LEVEL = "-Onone";
			};
			name = Debug;
		};
		C21937E32B5D6F0700FEA07B /* Release */ = {
			isa = XCBuildConfiguration;
			buildSettings = {
				ALWAYS_SEARCH_USER_PATHS = NO;
				ASSETCATALOG_COMPILER_GENERATE_SWIFT_ASSET_SYMBOL_EXTENSIONS = YES;
				CLANG_ANALYZER_NONNULL = YES;
				CLANG_ANALYZER_NUMBER_OBJECT_CONVERSION = YES_AGGRESSIVE;
				CLANG_CXX_LANGUAGE_STANDARD = "gnu++20";
				CLANG_ENABLE_MODULES = YES;
				CLANG_ENABLE_OBJC_ARC = YES;
				CLANG_ENABLE_OBJC_WEAK = YES;
				CLANG_WARN_BLOCK_CAPTURE_AUTORELEASING = YES;
				CLANG_WARN_BOOL_CONVERSION = YES;
				CLANG_WARN_COMMA = YES;
				CLANG_WARN_CONSTANT_CONVERSION = YES;
				CLANG_WARN_DEPRECATED_OBJC_IMPLEMENTATIONS = YES;
				CLANG_WARN_DIRECT_OBJC_ISA_USAGE = YES_ERROR;
				CLANG_WARN_DOCUMENTATION_COMMENTS = YES;
				CLANG_WARN_EMPTY_BODY = YES;
				CLANG_WARN_ENUM_CONVERSION = YES;
				CLANG_WARN_INFINITE_RECURSION = YES;
				CLANG_WARN_INT_CONVERSION = YES;
				CLANG_WARN_NON_LITERAL_NULL_CONVERSION = YES;
				CLANG_WARN_OBJC_IMPLICIT_RETAIN_SELF = YES;
				CLANG_WARN_OBJC_LITERAL_CONVERSION = YES;
				CLANG_WARN_OBJC_ROOT_CLASS = YES_ERROR;
				CLANG_WARN_QUOTED_INCLUDE_IN_FRAMEWORK_HEADER = YES;
				CLANG_WARN_RANGE_LOOP_ANALYSIS = YES;
				CLANG_WARN_STRICT_PROTOTYPES = YES;
				CLANG_WARN_SUSPICIOUS_MOVE = YES;
				CLANG_WARN_UNGUARDED_AVAILABILITY = YES_AGGRESSIVE;
				CLANG_WARN_UNREACHABLE_CODE = YES;
				CLANG_WARN__DUPLICATE_METHOD_MATCH = YES;
				COPY_PHASE_STRIP = NO;
				DEBUG_INFORMATION_FORMAT = "dwarf-with-dsym";
				ENABLE_NS_ASSERTIONS = NO;
				ENABLE_STRICT_OBJC_MSGSEND = YES;
				ENABLE_USER_SCRIPT_SANDBOXING = YES;
				GCC_C_LANGUAGE_STANDARD = gnu17;
				GCC_NO_COMMON_BLOCKS = YES;
				GCC_WARN_64_TO_32_BIT_CONVERSION = YES;
				GCC_WARN_ABOUT_RETURN_TYPE = YES_ERROR;
				GCC_WARN_UNDECLARED_SELECTOR = YES;
				GCC_WARN_UNINITIALIZED_AUTOS = YES_AGGRESSIVE;
				GCC_WARN_UNUSED_FUNCTION = YES;
				GCC_WARN_UNUSED_VARIABLE = YES;
				LOCALIZATION_PREFERS_STRING_CATALOGS = YES;
				MACOSX_DEPLOYMENT_TARGET = 14.2;
				MTL_ENABLE_DEBUG_INFO = NO;
				MTL_FAST_MATH = YES;
				SDKROOT = macosx;
				SWIFT_COMPILATION_MODE = wholemodule;
			};
			name = Release;
		};
		C21937E52B5D6F0700FEA07B /* Debug */ = {
			isa = XCBuildConfiguration;
			buildSettings = {
				ASSETCATALOG_COMPILER_APPICON_NAME = AppIcon;
				ASSETCATALOG_COMPILER_GLOBAL_ACCENT_COLOR_NAME = AccentColor;
				CODE_SIGN_ENTITLEMENTS = DeepLinkTCA/DeepLinkTCA.entitlements;
				CODE_SIGN_STYLE = Automatic;
				COMBINE_HIDPI_IMAGES = YES;
				CURRENT_PROJECT_VERSION = 1;
				DEVELOPMENT_ASSET_PATHS = "\"DeepLinkTCA/Preview Content\"";
				ENABLE_PREVIEWS = YES;
				GENERATE_INFOPLIST_FILE = YES;
				INFOPLIST_FILE = DeepLinkTCA/Info.plist;
				INFOPLIST_KEY_NSHumanReadableCopyright = "";
				INFOPLIST_KEY_UILaunchStoryboardName = "Launch Screen.storyboard";
				LD_RUNPATH_SEARCH_PATHS = (
					"$(inherited)",
					"@executable_path/../Frameworks",
				);
				MARKETING_VERSION = 1.0;
				PRODUCT_BUNDLE_IDENTIFIER = saeed.rz.DeepLinkTCA;
				PRODUCT_NAME = "$(TARGET_NAME)";
				SUPPORTED_PLATFORMS = "iphoneos iphonesimulator";
				SUPPORTS_MACCATALYST = NO;
				SWIFT_EMIT_LOC_STRINGS = YES;
				SWIFT_VERSION = 5.0;
				TARGETED_DEVICE_FAMILY = 1;
			};
			name = Debug;
		};
		C21937E62B5D6F0700FEA07B /* Release */ = {
			isa = XCBuildConfiguration;
			buildSettings = {
				ASSETCATALOG_COMPILER_APPICON_NAME = AppIcon;
				ASSETCATALOG_COMPILER_GLOBAL_ACCENT_COLOR_NAME = AccentColor;
				CODE_SIGN_ENTITLEMENTS = DeepLinkTCA/DeepLinkTCA.entitlements;
				CODE_SIGN_STYLE = Automatic;
				COMBINE_HIDPI_IMAGES = YES;
				CURRENT_PROJECT_VERSION = 1;
				DEVELOPMENT_ASSET_PATHS = "\"DeepLinkTCA/Preview Content\"";
				ENABLE_PREVIEWS = YES;
				GENERATE_INFOPLIST_FILE = YES;
				INFOPLIST_FILE = DeepLinkTCA/Info.plist;
				INFOPLIST_KEY_NSHumanReadableCopyright = "";
				INFOPLIST_KEY_UILaunchStoryboardName = "Launch Screen.storyboard";
				LD_RUNPATH_SEARCH_PATHS = (
					"$(inherited)",
					"@executable_path/../Frameworks",
				);
				MARKETING_VERSION = 1.0;
				PRODUCT_BUNDLE_IDENTIFIER = saeed.rz.DeepLinkTCA;
				PRODUCT_NAME = "$(TARGET_NAME)";
				SUPPORTED_PLATFORMS = "iphoneos iphonesimulator";
				SUPPORTS_MACCATALYST = NO;
				SWIFT_EMIT_LOC_STRINGS = YES;
				SWIFT_VERSION = 5.0;
				TARGETED_DEVICE_FAMILY = 1;
			};
			name = Release;
		};
/* End XCBuildConfiguration section */

/* Begin XCConfigurationList section */
		C21937D02B5D6F0600FEA07B /* Build configuration list for PBXProject "DeepLinkTCA" */ = {
			isa = XCConfigurationList;
			buildConfigurations = (
				C21937E22B5D6F0700FEA07B /* Debug */,
				C21937E32B5D6F0700FEA07B /* Release */,
			);
			defaultConfigurationIsVisible = 0;
			defaultConfigurationName = Release;
		};
		C21937E42B5D6F0700FEA07B /* Build configuration list for PBXNativeTarget "DeepLinkTCA" */ = {
			isa = XCConfigurationList;
			buildConfigurations = (
				C21937E52B5D6F0700FEA07B /* Debug */,
				C21937E62B5D6F0700FEA07B /* Release */,
			);
			defaultConfigurationIsVisible = 0;
			defaultConfigurationName = Release;
		};
/* End XCConfigurationList section */

/* Begin XCRemoteSwiftPackageReference section */
		C25575572B5DA2210033F438 /* XCRemoteSwiftPackageReference "swift-composable-architecture" */ = {
			isa = XCRemoteSwiftPackageReference;
			repositoryURL = "https://github.com/pointfreeco/swift-composable-architecture";
			requirement = {
				kind = upToNextMajorVersion;
				minimumVersion = 1.6.0;
			};
		};
/* End XCRemoteSwiftPackageReference section */

/* Begin XCSwiftPackageProductDependency section */
		C25575552B5D76660033F438 /* Packages */ = {
			isa = XCSwiftPackageProductDependency;
			productName = Packages;
		};
		C25575582B5DA2210033F438 /* ComposableArchitecture */ = {
			isa = XCSwiftPackageProductDependency;
			package = C25575572B5DA2210033F438 /* XCRemoteSwiftPackageReference "swift-composable-architecture" */;
			productName = ComposableArchitecture;
		};
/* End XCSwiftPackageProductDependency section */
	};
	rootObject = C21937CD2B5D6F0600FEA07B /* Project object */;
}
